
Microsoft Visual Studio Solution File, Format Version 12.00
# Visual Studio Version 16
VisualStudioVersion = 16.0.30611.23
MinimumVisualStudioVersion = 10.0.40219.1
Project("{FAE04EC0-301F-11D3-BF4B-00C04F79EFBC}") = "Online Cosmetics", "Online Cosmetics\Online Cosmetics.csproj", "{AA79B2D2-9ECF-499D-AF36-E751AC4361B0}"
EndProject
Global
	GlobalSection(SolutionConfigurationPlatforms) = preSolution
		Debug|Any CPU = Debug|Any CPU
		Release|Any CPU = Release|Any CPU
	EndGlobalSection
	GlobalSection(ProjectConfigurationPlatforms) = postSolution
		{AA79B2D2-9ECF-499D-AF36-E751AC4361B0}.Debug|Any CPU.ActiveCfg = Debug|Any CPU
		{AA79B2D2-9ECF-499D-AF36-E751AC4361B0}.Debug|Any CPU.Build.0 = Debug|Any CPU
		{AA79B2D2-9ECF-499D-AF36-E751AC4361B0}.Release|Any CPU.ActiveCfg = Release|Any CPU
		{AA79B2D2-9ECF-499D-AF36-E751AC4361B0}.Release|Any CPU.Build.0 = Release|Any CPU
	EndGlobalSection
	GlobalSection(SolutionProperties) = preSolution
		HideSolutionNode = FALSE
	EndGlobalSection
	GlobalSection(ExtensibilityGlobals) = postSolution
		SolutionGuid = {C27285E3-BB55-46C0-86BF-B4B18B460AD2}
	EndGlobalSection
EndGlobal
